{
  "name": "example",
  "version": "1.0.0",
  "lockfileVersion": 3,
  "requires": true,
  "packages": {
    "": {
      "name": "example",
      "version": "1.0.0",
      "dependencies": {
        "diff": "^5.1.0"
      },
      "devDependencies": {
        "@types/diff": "^6.0.0"
      }
    },
    "node_modules/@types/diff": {
      "version": "6.0.0",
      "resolved": "https://registry.npmjs.org/@types/diff/-/diff-6.0.0.tgz",
      "integrity": "sha512-dhVCYGv3ZSbzmQaBSagrv1WJ6rXCdkyTcDyoNu1MD8JohI7pR7k8wdZEm+mvdxRKXyHVwckFzWU1vJc+Z29MlA==",
      "dev": true
    },
    "node_modules/diff": {
      "version": "5.2.0",
      "resolved": "https://registry.npmjs.org/diff/-/diff-5.2.0.tgz",
      "integrity": "sha512-uIFDxqpRZGZ6ThOk84hEfqWoHx2devRFvpTZcTHur85vImfaxUbTW9Ryh4CpCuDnToOP1CEtXKIgytHBPVff5A==",
      "engines": {
        "node": ">=0.3.1"
      }
    }
  }
}
